{
  "name": "backend",
  "version": "1.0.0",
  "lockfileVersion": 3,
  "requires": true,
  "packages": {
    "": {
      "name": "backend",
      "version": "1.0.0",
      "license": "ISC",
      "dependencies": {
        "dockernode": "^0.1.0"
      }
    },
    "node_modules/dockernode": {
      "version": "0.1.0",
      "resolved": "https://registry.npmjs.org/dockernode/-/dockernode-0.1.0.tgz",
      "integrity": "sha512-hWe8CxOB5PXB+uMarax5o43apN0Kzat3uSSHoE68aaVRuQwsul8aB/FEI2wxuODJxk3B+mF/vqbPQlAxnrKleQ==",
      "license": "MIT License",
      "bin": {
        "docker-repl": "bin/index.js"
      }
    }
  }
}
